
Microsoft Visual Studio Solution File, Format Version 12.00
# Visual Studio Version 17
VisualStudioVersion = 17.6.33717.318
MinimumVisualStudioVersion = 10.0.40219.1
Project("{FAE04EC0-301F-11D3-BF4B-00C04F79EFBC}") = "CaloriasFarm", "CaloriasFarm\CaloriasFarm.csproj", "{FEC4130D-3B14-4BBC-BD0E-96AD22928D5C}"
EndProject
Global
	GlobalSection(SolutionConfigurationPlatforms) = preSolution
		Debug|Any CPU = Debug|Any CPU
		Release|Any CPU = Release|Any CPU
	EndGlobalSection
	GlobalSection(ProjectConfigurationPlatforms) = postSolution
		{FEC4130D-3B14-4BBC-BD0E-96AD22928D5C}.Debug|Any CPU.ActiveCfg = Debug|Any CPU
		{FEC4130D-3B14-4BBC-BD0E-96AD22928D5C}.Debug|Any CPU.Build.0 = Debug|Any CPU
		{FEC4130D-3B14-4BBC-BD0E-96AD22928D5C}.Release|Any CPU.ActiveCfg = Release|Any CPU
		{FEC4130D-3B14-4BBC-BD0E-96AD22928D5C}.Release|Any CPU.Build.0 = Release|Any CPU
	EndGlobalSection
	GlobalSection(SolutionProperties) = preSolution
		HideSolutionNode = FALSE
	EndGlobalSection
	GlobalSection(ExtensibilityGlobals) = postSolution
		SolutionGuid = {69B04E9E-688B-4913-A0AB-93F609D83406}
	EndGlobalSection
EndGlobal
